
Microsoft Visual Studio Solution File, Format Version 12.00
# Visual Studio Version 16
VisualStudioVersion = 16.0.30413.136
MinimumVisualStudioVersion = 10.0.40219.1
Project("{FAE04EC0-301F-11D3-BF4B-00C04F79EFBC}") = "CakeShop", "CakeShop\CakeShop.csproj", "{3AA5AE37-96F0-4500-BE6F-6F87C07DC52A}"
EndProject
Global
	GlobalSection(SolutionConfigurationPlatforms) = preSolution
		Debug|Any CPU = Debug|Any CPU
		Release|Any CPU = Release|Any CPU
	EndGlobalSection
	GlobalSection(ProjectConfigurationPlatforms) = postSolution
		{3AA5AE37-96F0-4500-BE6F-6F87C07DC52A}.Debug|Any CPU.ActiveCfg = Debug|Any CPU
		{3AA5AE37-96F0-4500-BE6F-6F87C07DC52A}.Debug|Any CPU.Build.0 = Debug|Any CPU
		{3AA5AE37-96F0-4500-BE6F-6F87C07DC52A}.Release|Any CPU.ActiveCfg = Release|Any CPU
		{3AA5AE37-96F0-4500-BE6F-6F87C07DC52A}.Release|Any CPU.Build.0 = Release|Any CPU
	EndGlobalSection
	GlobalSection(SolutionProperties) = preSolution
		HideSolutionNode = FALSE
	EndGlobalSection
	GlobalSection(ExtensibilityGlobals) = postSolution
		SolutionGuid = {8C2787AD-A5AA-4761-8E9D-4D896A730299}
	EndGlobalSection
EndGlobal
